
Microsoft Visual Studio Solution File, Format Version 12.00
# Visual Studio Version 17
VisualStudioVersion = 17.0.31903.59
MinimumVisualStudioVersion = 10.0.40219.1
Project("{2150E333-8FDC-42A3-9474-1A3956D46DE8}") = "src", "src", "{ED0B8843-6F66-42BA-BE86-E5F2305BF4AF}"
	ProjectSection(SolutionItems) = preProject
		src\Directory.Build.props = src\Directory.Build.props
	EndProjectSection
EndProject
Project("{2150E333-8FDC-42A3-9474-1A3956D46DE8}") = "test", "test", "{606D3076-7E5C-4536-84AD-26D8670381ED}"
EndProject
Project("{FAE04EC0-301F-11D3-BF4B-00C04F79EFBC}") = "FiltersBenchmark", "test\FiltersBenchmark\FiltersBenchmark.csproj", "{1247AF41-1F85-4A82-9202-941150DEA649}"
EndProject
Project("{FAE04EC0-301F-11D3-BF4B-00C04F79EFBC}") = "Deveel.Filters.DynamicLinq.XUnit", "test\Deveel.Filters.DynamicLinq.XUnit\Deveel.Filters.DynamicLinq.XUnit.csproj", "{02BBF660-1703-4A52-A85E-0DD4BCA562BD}"
EndProject
Project("{FAE04EC0-301F-11D3-BF4B-00C04F79EFBC}") = "Deveel.Filters", "src\Deveel.Filters\Deveel.Filters.csproj", "{19098E55-9D8D-BA30-CE7A-35F48C193E47}"
EndProject
Project("{FAE04EC0-301F-11D3-BF4B-00C04F79EFBC}") = "Deveel.Filters.DynamicLinq", "src\Deveel.Filters.DynamicLinq\Deveel.Filters.DynamicLinq.csproj", "{3C8D143C-30EC-366A-2483-DAE502AE4174}"
EndProject
Project("{FAE04EC0-301F-11D3-BF4B-00C04F79EFBC}") = "Deveel.Filters.WebModel", "src\Deveel.Filters.WebModel\Deveel.Filters.WebModel.csproj", "{0D87CD42-3E00-AC81-E574-E5A3257B9BE5}"
EndProject
Project("{FAE04EC0-301F-11D3-BF4B-00C04F79EFBC}") = "Deveel.Filters.MongoBson", "src\Deveel.Filters.MongoBson\Deveel.Filters.MongoBson.csproj", "{6C9B9137-8811-2D05-1C2B-647D5DF950CA}"
EndProject
Project("{FAE04EC0-301F-11D3-BF4B-00C04F79EFBC}") = "Deveel.Filter.Model.XUnit", "test\Deveel.Filters.XUnit\Deveel.Filter.Model.XUnit.csproj", "{370B0ACB-395E-C52E-BF75-94D46651BEA0}"
EndProject
Project("{FAE04EC0-301F-11D3-BF4B-00C04F79EFBC}") = "Deveel.Filter.MongoBson.XUnit", "test\Deveel.Filters.MongoBson.XUnit\Deveel.Filter.MongoBson.XUnit.csproj", "{47852860-2D73-320D-1411-32B8AD9C39E0}"
EndProject
Project("{FAE04EC0-301F-11D3-BF4B-00C04F79EFBC}") = "Deveel.Filter.Model.Web.XUnit", "test\Deveel.Filters.WebModel.XUnit\Deveel.Filter.Model.Web.XUnit.csproj", "{775DC484-A10E-7416-DE91-92A2690BD33A}"
EndProject
Global
	GlobalSection(SolutionConfigurationPlatforms) = preSolution
		Debug|Any CPU = Debug|Any CPU
		Release|Any CPU = Release|Any CPU
	EndGlobalSection
	GlobalSection(ProjectConfigurationPlatforms) = postSolution
		{1247AF41-1F85-4A82-9202-941150DEA649}.Debug|Any CPU.ActiveCfg = Debug|Any CPU
		{1247AF41-1F85-4A82-9202-941150DEA649}.Debug|Any CPU.Build.0 = Debug|Any CPU
		{1247AF41-1F85-4A82-9202-941150DEA649}.Release|Any CPU.ActiveCfg = Release|Any CPU
		{1247AF41-1F85-4A82-9202-941150DEA649}.Release|Any CPU.Build.0 = Release|Any CPU
		{02BBF660-1703-4A52-A85E-0DD4BCA562BD}.Debug|Any CPU.ActiveCfg = Debug|Any CPU
		{02BBF660-1703-4A52-A85E-0DD4BCA562BD}.Debug|Any CPU.Build.0 = Debug|Any CPU
		{02BBF660-1703-4A52-A85E-0DD4BCA562BD}.Release|Any CPU.ActiveCfg = Release|Any CPU
		{02BBF660-1703-4A52-A85E-0DD4BCA562BD}.Release|Any CPU.Build.0 = Release|Any CPU
		{19098E55-9D8D-BA30-CE7A-35F48C193E47}.Debug|Any CPU.ActiveCfg = Debug|Any CPU
		{19098E55-9D8D-BA30-CE7A-35F48C193E47}.Debug|Any CPU.Build.0 = Debug|Any CPU
		{19098E55-9D8D-BA30-CE7A-35F48C193E47}.Release|Any CPU.ActiveCfg = Release|Any CPU
		{19098E55-9D8D-BA30-CE7A-35F48C193E47}.Release|Any CPU.Build.0 = Release|Any CPU
		{3C8D143C-30EC-366A-2483-DAE502AE4174}.Debug|Any CPU.ActiveCfg = Debug|Any CPU
		{3C8D143C-30EC-366A-2483-DAE502AE4174}.Debug|Any CPU.Build.0 = Debug|Any CPU
		{3C8D143C-30EC-366A-2483-DAE502AE4174}.Release|Any CPU.ActiveCfg = Release|Any CPU
		{3C8D143C-30EC-366A-2483-DAE502AE4174}.Release|Any CPU.Build.0 = Release|Any CPU
		{0D87CD42-3E00-AC81-E574-E5A3257B9BE5}.Debug|Any CPU.ActiveCfg = Debug|Any CPU
		{0D87CD42-3E00-AC81-E574-E5A3257B9BE5}.Debug|Any CPU.Build.0 = Debug|Any CPU
		{0D87CD42-3E00-AC81-E574-E5A3257B9BE5}.Release|Any CPU.ActiveCfg = Release|Any CPU
		{0D87CD42-3E00-AC81-E574-E5A3257B9BE5}.Release|Any CPU.Build.0 = Release|Any CPU
		{6C9B9137-8811-2D05-1C2B-647D5DF950CA}.Debug|Any CPU.ActiveCfg = Debug|Any CPU
		{6C9B9137-8811-2D05-1C2B-647D5DF950CA}.Debug|Any CPU.Build.0 = Debug|Any CPU
		{6C9B9137-8811-2D05-1C2B-647D5DF950CA}.Release|Any CPU.ActiveCfg = Release|Any CPU
		{6C9B9137-8811-2D05-1C2B-647D5DF950CA}.Release|Any CPU.Build.0 = Release|Any CPU
		{370B0ACB-395E-C52E-BF75-94D46651BEA0}.Debug|Any CPU.ActiveCfg = Debug|Any CPU
		{370B0ACB-395E-C52E-BF75-94D46651BEA0}.Debug|Any CPU.Build.0 = Debug|Any CPU
		{370B0ACB-395E-C52E-BF75-94D46651BEA0}.Release|Any CPU.ActiveCfg = Release|Any CPU
		{370B0ACB-395E-C52E-BF75-94D46651BEA0}.Release|Any CPU.Build.0 = Release|Any CPU
		{47852860-2D73-320D-1411-32B8AD9C39E0}.Debug|Any CPU.ActiveCfg = Debug|Any CPU
		{47852860-2D73-320D-1411-32B8AD9C39E0}.Debug|Any CPU.Build.0 = Debug|Any CPU
		{47852860-2D73-320D-1411-32B8AD9C39E0}.Release|Any CPU.ActiveCfg = Release|Any CPU
		{47852860-2D73-320D-1411-32B8AD9C39E0}.Release|Any CPU.Build.0 = Release|Any CPU
		{775DC484-A10E-7416-DE91-92A2690BD33A}.Debug|Any CPU.ActiveCfg = Debug|Any CPU
		{775DC484-A10E-7416-DE91-92A2690BD33A}.Debug|Any CPU.Build.0 = Debug|Any CPU
		{775DC484-A10E-7416-DE91-92A2690BD33A}.Release|Any CPU.ActiveCfg = Release|Any CPU
		{775DC484-A10E-7416-DE91-92A2690BD33A}.Release|Any CPU.Build.0 = Release|Any CPU
	EndGlobalSection
	GlobalSection(SolutionProperties) = preSolution
		HideSolutionNode = FALSE
	EndGlobalSection
	GlobalSection(NestedProjects) = preSolution
		{1247AF41-1F85-4A82-9202-941150DEA649} = {606D3076-7E5C-4536-84AD-26D8670381ED}
		{02BBF660-1703-4A52-A85E-0DD4BCA562BD} = {606D3076-7E5C-4536-84AD-26D8670381ED}
		{19098E55-9D8D-BA30-CE7A-35F48C193E47} = {ED0B8843-6F66-42BA-BE86-E5F2305BF4AF}
		{3C8D143C-30EC-366A-2483-DAE502AE4174} = {ED0B8843-6F66-42BA-BE86-E5F2305BF4AF}
		{0D87CD42-3E00-AC81-E574-E5A3257B9BE5} = {ED0B8843-6F66-42BA-BE86-E5F2305BF4AF}
		{6C9B9137-8811-2D05-1C2B-647D5DF950CA} = {ED0B8843-6F66-42BA-BE86-E5F2305BF4AF}
		{370B0ACB-395E-C52E-BF75-94D46651BEA0} = {606D3076-7E5C-4536-84AD-26D8670381ED}
		{47852860-2D73-320D-1411-32B8AD9C39E0} = {606D3076-7E5C-4536-84AD-26D8670381ED}
		{775DC484-A10E-7416-DE91-92A2690BD33A} = {606D3076-7E5C-4536-84AD-26D8670381ED}
	EndGlobalSection
	GlobalSection(ExtensibilityGlobals) = postSolution
		SolutionGuid = {5254BD5D-FD17-421A-B033-5CA8EDEB2E50}
	EndGlobalSection
EndGlobal
